
Microsoft Visual Studio Solution File, Format Version 12.00
# Visual Studio Version 17
VisualStudioVersion = 17.3.32922.545
MinimumVisualStudioVersion = 10.0.40219.1
Project("{FAE04EC0-301F-11D3-BF4B-00C04F79EFBC}") = "pratical1", "pratical1\pratical1.csproj", "{6133C3BC-3BD7-498B-AC91-A4A9111F9813}"
EndProject
Global
	GlobalSection(SolutionConfigurationPlatforms) = preSolution
		Debug|Any CPU = Debug|Any CPU
		Release|Any CPU = Release|Any CPU
	EndGlobalSection
	GlobalSection(ProjectConfigurationPlatforms) = postSolution
		{6133C3BC-3BD7-498B-AC91-A4A9111F9813}.Debug|Any CPU.ActiveCfg = Debug|Any CPU
		{6133C3BC-3BD7-498B-AC91-A4A9111F9813}.Debug|Any CPU.Build.0 = Debug|Any CPU
		{6133C3BC-3BD7-498B-AC91-A4A9111F9813}.Release|Any CPU.ActiveCfg = Release|Any CPU
		{6133C3BC-3BD7-498B-AC91-A4A9111F9813}.Release|Any CPU.Build.0 = Release|Any CPU
	EndGlobalSection
	GlobalSection(SolutionProperties) = preSolution
		HideSolutionNode = FALSE
	EndGlobalSection
	GlobalSection(ExtensibilityGlobals) = postSolution
		SolutionGuid = {E33259D3-78EF-450D-AF53-9825F6A77309}
	EndGlobalSection
EndGlobal
